# THIS IS AN AUTOGENERATED FILE. DO NOT EDIT THIS FILE DIRECTLY.
# yarn lockfile v1


base64-arraybuffer@^0.2.0:
  version "0.2.0"
  resolved "https://registry.npm.taobao.org/base64-arraybuffer/download/base64-arraybuffer-0.2.0.tgz#4b944fac0191aa5907afe2d8c999ccc57ce80f45"
  integrity sha1-S5RPrAGRqlkHr+LYyZnMxXzoD0U=

css-line-break@^1.1.1:
  version "1.1.1"
  resolved "https://registry.npm.taobao.org/css-line-break/download/css-line-break-1.1.1.tgz#d5e9bdd297840099eb0503c7310fd34927a026ef"
  integrity sha1-1em90peEAJnrBQPHMQ/TSSegJu8=
  dependencies:
    base64-arraybuffer "^0.2.0"
